// !$*UTF8*$!
{
	archiveVersion = 1;
	classes = {
	};
	objectVersion = 60;
	objects = {

/* Begin PBXBuildFile section */
		550C23B62C76006900FF9BDF /* PokedexApp.swift in Sources */ = {isa = PBXBuildFile; fileRef = 550C23B52C76006900FF9BDF /* PokedexApp.swift */; };
		550C23B82C76006900FF9BDF /* ContentView.swift in Sources */ = {isa = PBXBuildFile; fileRef = 550C23B72C76006900FF9BDF /* ContentView.swift */; };
		550C23BC2C76006A00FF9BDF /* Assets.xcassets in Resources */ = {isa = PBXBuildFile; fileRef = 550C23BB2C76006A00FF9BDF /* Assets.xcassets */; };
		550C23BF2C76006A00FF9BDF /* Preview Assets.xcassets in Resources */ = {isa = PBXBuildFile; fileRef = 550C23BE2C76006A00FF9BDF /* Preview Assets.xcassets */; };
		550C23C72C7601BE00FF9BDF /* pokemon.json in Resources */ = {isa = PBXBuildFile; fileRef = 550C23C62C7601BE00FF9BDF /* pokemon.json */; };
		550C23CC2C76024500FF9BDF /* Extensions.swift in Sources */ = {isa = PBXBuildFile; fileRef = 550C23CB2C76024500FF9BDF /* Extensions.swift */; };
		550C23CF2C7602B600FF9BDF /* Pokemon.swift in Sources */ = {isa = PBXBuildFile; fileRef = 550C23CE2C7602B600FF9BDF /* Pokemon.swift */; };
		550C23D22C76033100FF9BDF /* PokemonManager.swift in Sources */ = {isa = PBXBuildFile; fileRef = 550C23D12C76033100FF9BDF /* PokemonManager.swift */; };
		550C23D52C76036B00FF9BDF /* PokemonViewModel.swift in Sources */ = {isa = PBXBuildFile; fileRef = 550C23D42C76036B00FF9BDF /* PokemonViewModel.swift */; };
		550C23D92C7605FF00FF9BDF /* PokemonDetailView.swift in Sources */ = {isa = PBXBuildFile; fileRef = 550C23D82C7605FF00FF9BDF /* PokemonDetailView.swift */; };
		550C23DB2C76066500FF9BDF /* PokeDexView.swift in Sources */ = {isa = PBXBuildFile; fileRef = 550C23DA2C76066500FF9BDF /* PokeDexView.swift */; };
		550C23DD2C7616DB00FF9BDF /* FavoritedPokemonView.swift in Sources */ = {isa = PBXBuildFile; fileRef = 550C23DC2C7616DB00FF9BDF /* FavoritedPokemonView.swift */; };
		550C23E42C7629DC00FF9BDF /* RandomPokemonView.swift in Sources */ = {isa = PBXBuildFile; fileRef = 550C23E32C7629DC00FF9BDF /* RandomPokemonView.swift */; };
		550C23E92C77C84100FF9BDF /* PokemonDetailHeaderView.swift in Sources */ = {isa = PBXBuildFile; fileRef = 550C23E82C77C84100FF9BDF /* PokemonDetailHeaderView.swift */; };
		550C23EB2C77C8DA00FF9BDF /* PokemonDetailsTypesSectionView.swift in Sources */ = {isa = PBXBuildFile; fileRef = 550C23EA2C77C8DA00FF9BDF /* PokemonDetailsTypesSectionView.swift */; };
		550C23ED2C77C8F600FF9BDF /* PokemonDetailsInfoSectionView.swift in Sources */ = {isa = PBXBuildFile; fileRef = 550C23EC2C77C8F600FF9BDF /* PokemonDetailsInfoSectionView.swift */; };
		550C23EF2C77C93000FF9BDF /* PokemonDetailsDetailsView.swift in Sources */ = {isa = PBXBuildFile; fileRef = 550C23EE2C77C93000FF9BDF /* PokemonDetailsDetailsView.swift */; };
		550C23F12C77CA4600FF9BDF /* PokemonDetailItemView.swift in Sources */ = {isa = PBXBuildFile; fileRef = 550C23F02C77CA4600FF9BDF /* PokemonDetailItemView.swift */; };
		550C23F42C78CFEC00FF9BDF /* FavoritePokemonStore.swift in Sources */ = {isa = PBXBuildFile; fileRef = 550C23F32C78CFEC00FF9BDF /* FavoritePokemonStore.swift */; };
		550C23F72C78D59C00FF9BDF /* FavoritedPokemonViewModel.swift in Sources */ = {isa = PBXBuildFile; fileRef = 550C23F62C78D59C00FF9BDF /* FavoritedPokemonViewModel.swift */; };
		550C23F92C78D9BE00FF9BDF /* PokemonDetailViewModel.swift in Sources */ = {isa = PBXBuildFile; fileRef = 550C23F82C78D9B800FF9BDF /* PokemonDetailViewModel.swift */; };
/* End PBXBuildFile section */

/* Begin PBXFileReference section */
		550C23B22C76006900FF9BDF /* PokedexApp.app */ = {isa = PBXFileReference; explicitFileType = wrapper.application; includeInIndex = 0; path = PokedexApp.app; sourceTree = BUILT_PRODUCTS_DIR; };
		550C23B52C76006900FF9BDF /* PokedexApp.swift */ = {isa = PBXFileReference; lastKnownFileType = sourcecode.swift; path = PokedexApp.swift; sourceTree = "<group>"; };
		550C23B72C76006900FF9BDF /* ContentView.swift */ = {isa = PBXFileReference; lastKnownFileType = sourcecode.swift; path = ContentView.swift; sourceTree = "<group>"; };
		550C23BB2C76006A00FF9BDF /* Assets.xcassets */ = {isa = PBXFileReference; lastKnownFileType = folder.assetcatalog; path = Assets.xcassets; sourceTree = "<group>"; };
		550C23BE2C76006A00FF9BDF /* Preview Assets.xcassets */ = {isa = PBXFileReference; lastKnownFileType = folder.assetcatalog; path = "Preview Assets.xcassets"; sourceTree = "<group>"; };
		550C23C62C7601BE00FF9BDF /* pokemon.json */ = {isa = PBXFileReference; lastKnownFileType = text.json; path = pokemon.json; sourceTree = "<group>"; };
		550C23CB2C76024500FF9BDF /* Extensions.swift */ = {isa = PBXFileReference; lastKnownFileType = sourcecode.swift; path = Extensions.swift; sourceTree = "<group>"; };
		550C23CE2C7602B600FF9BDF /* Pokemon.swift */ = {isa = PBXFileReference; lastKnownFileType = sourcecode.swift; path = Pokemon.swift; sourceTree = "<group>"; };
		550C23D12C76033100FF9BDF /* PokemonManager.swift */ = {isa = PBXFileReference; lastKnownFileType = sourcecode.swift; path = PokemonManager.swift; sourceTree = "<group>"; };
		550C23D42C76036B00FF9BDF /* PokemonViewModel.swift */ = {isa = PBXFileReference; lastKnownFileType = sourcecode.swift; path = PokemonViewModel.swift; sourceTree = "<group>"; };
		550C23D82C7605FF00FF9BDF /* PokemonDetailView.swift */ = {isa = PBXFileReference; lastKnownFileType = sourcecode.swift; path = PokemonDetailView.swift; sourceTree = "<group>"; };
		550C23DA2C76066500FF9BDF /* PokeDexView.swift */ = {isa = PBXFileReference; lastKnownFileType = sourcecode.swift; path = PokeDexView.swift; sourceTree = "<group>"; };
		550C23DC2C7616DB00FF9BDF /* FavoritedPokemonView.swift */ = {isa = PBXFileReference; lastKnownFileType = sourcecode.swift; path = FavoritedPokemonView.swift; sourceTree = "<group>"; };
		550C23E32C7629DC00FF9BDF /* RandomPokemonView.swift */ = {isa = PBXFileReference; lastKnownFileType = sourcecode.swift; path = RandomPokemonView.swift; sourceTree = "<group>"; };
		550C23E82C77C84100FF9BDF /* PokemonDetailHeaderView.swift */ = {isa = PBXFileReference; lastKnownFileType = sourcecode.swift; path = PokemonDetailHeaderView.swift; sourceTree = "<group>"; };
		550C23EA2C77C8DA00FF9BDF /* PokemonDetailsTypesSectionView.swift */ = {isa = PBXFileReference; lastKnownFileType = sourcecode.swift; path = PokemonDetailsTypesSectionView.swift; sourceTree = "<group>"; };
		550C23EC2C77C8F600FF9BDF /* PokemonDetailsInfoSectionView.swift */ = {isa = PBXFileReference; lastKnownFileType = sourcecode.swift; path = PokemonDetailsInfoSectionView.swift; sourceTree = "<group>"; };
		550C23EE2C77C93000FF9BDF /* PokemonDetailsDetailsView.swift */ = {isa = PBXFileReference; lastKnownFileType = sourcecode.swift; path = PokemonDetailsDetailsView.swift; sourceTree = "<group>"; };
		550C23F02C77CA4600FF9BDF /* PokemonDetailItemView.swift */ = {isa = PBXFileReference; lastKnownFileType = sourcecode.swift; path = PokemonDetailItemView.swift; sourceTree = "<group>"; };
		550C23F32C78CFEC00FF9BDF /* FavoritePokemonStore.swift */ = {isa = PBXFileReference; lastKnownFileType = sourcecode.swift; path = FavoritePokemonStore.swift; sourceTree = "<group>"; };
		550C23F62C78D59C00FF9BDF /* FavoritedPokemonViewModel.swift */ = {isa = PBXFileReference; lastKnownFileType = sourcecode.swift; path = FavoritedPokemonViewModel.swift; sourceTree = "<group>"; };
		550C23F82C78D9B800FF9BDF /* PokemonDetailViewModel.swift */ = {isa = PBXFileReference; lastKnownFileType = sourcecode.swift; path = PokemonDetailViewModel.swift; sourceTree = "<group>"; };
/* End PBXFileReference section */

/* Begin PBXFrameworksBuildPhase section */
		550C23AF2C76006900FF9BDF /* Frameworks */ = {
			isa = PBXFrameworksBuildPhase;
			buildActionMask = 2147483647;
			files = (
			);
			runOnlyForDeploymentPostprocessing = 0;
		};
/* End PBXFrameworksBuildPhase section */

/* Begin PBXGroup section */
		550C23A92C76006900FF9BDF = {
			isa = PBXGroup;
			children = (
				550C23B52C76006900FF9BDF /* PokedexApp.swift */,
				550C23F22C78CFC500FF9BDF /* Persistence */,
				550C23D62C76056600FF9BDF /* Views */,
				550C23B42C76006900FF9BDF /* PokedexApp */,
				550C23B32C76006900FF9BDF /* Products */,
			);
			sourceTree = "<group>";
		};
		550C23B32C76006900FF9BDF /* Products */ = {
			isa = PBXGroup;
			children = (
				550C23B22C76006900FF9BDF /* PokedexApp.app */,
			);
			name = Products;
			sourceTree = "<group>";
		};
		550C23B42C76006900FF9BDF /* PokedexApp */ = {
			isa = PBXGroup;
			children = (
				550C23D32C76035500FF9BDF /* ViewModels */,
				550C23D02C76032000FF9BDF /* Managers */,
				550C23CD2C7602A200FF9BDF /* Models */,
				550C23CA2C76022100FF9BDF /* Extensions */,
				550C23C52C76019900FF9BDF /* Data */,
				550C23BB2C76006A00FF9BDF /* Assets.xcassets */,
				550C23BD2C76006A00FF9BDF /* Preview Content */,
			);
			path = PokedexApp;
			sourceTree = "<group>";
		};
		550C23BD2C76006A00FF9BDF /* Preview Content */ = {
			isa = PBXGroup;
			children = (
				550C23BE2C76006A00FF9BDF /* Preview Assets.xcassets */,
			);
			path = "Preview Content";
			sourceTree = "<group>";
		};
		550C23C52C76019900FF9BDF /* Data */ = {
			isa = PBXGroup;
			children = (
				550C23C62C7601BE00FF9BDF /* pokemon.json */,
			);
			path = Data;
			sourceTree = "<group>";
		};
		550C23CA2C76022100FF9BDF /* Extensions */ = {
			isa = PBXGroup;
			children = (
				550C23CB2C76024500FF9BDF /* Extensions.swift */,
			);
			path = Extensions;
			sourceTree = "<group>";
		};
		550C23CD2C7602A200FF9BDF /* Models */ = {
			isa = PBXGroup;
			children = (
				550C23CE2C7602B600FF9BDF /* Pokemon.swift */,
			);
			path = Models;
			sourceTree = "<group>";
		};
		550C23D02C76032000FF9BDF /* Managers */ = {
			isa = PBXGroup;
			children = (
				550C23D12C76033100FF9BDF /* PokemonManager.swift */,
			);
			path = Managers;
			sourceTree = "<group>";
		};
		550C23D32C76035500FF9BDF /* ViewModels */ = {
			isa = PBXGroup;
			children = (
				550C23D42C76036B00FF9BDF /* PokemonViewModel.swift */,
				550C23F62C78D59C00FF9BDF /* FavoritedPokemonViewModel.swift */,
				550C23F82C78D9B800FF9BDF /* PokemonDetailViewModel.swift */,
			);
			path = ViewModels;
			sourceTree = "<group>";
		};
		550C23D62C76056600FF9BDF /* Views */ = {
			isa = PBXGroup;
			children = (
				550C23B72C76006900FF9BDF /* ContentView.swift */,
				550C23E32C7629DC00FF9BDF /* RandomPokemonView.swift */,
				550C23DC2C7616DB00FF9BDF /* FavoritedPokemonView.swift */,
				550C23D82C7605FF00FF9BDF /* PokemonDetailView.swift */,
				550C23DA2C76066500FF9BDF /* PokeDexView.swift */,
				550C23E72C77C82500FF9BDF /* DetailSubviews */,
			);
			path = Views;
			sourceTree = "<group>";
		};
		550C23E72C77C82500FF9BDF /* DetailSubviews */ = {
			isa = PBXGroup;
			children = (
				550C23E82C77C84100FF9BDF /* PokemonDetailHeaderView.swift */,
				550C23EA2C77C8DA00FF9BDF /* PokemonDetailsTypesSectionView.swift */,
				550C23EC2C77C8F600FF9BDF /* PokemonDetailsInfoSectionView.swift */,
				550C23EE2C77C93000FF9BDF /* PokemonDetailsDetailsView.swift */,
				550C23F02C77CA4600FF9BDF /* PokemonDetailItemView.swift */,
			);
			path = DetailSubviews;
			sourceTree = "<group>";
		};
		550C23F22C78CFC500FF9BDF /* Persistence */ = {
			isa = PBXGroup;
			children = (
				550C23F32C78CFEC00FF9BDF /* FavoritePokemonStore.swift */,
			);
			path = Persistence;
			sourceTree = "<group>";
		};
/* End PBXGroup section */

/* Begin PBXNativeTarget section */
		550C23B12C76006900FF9BDF /* PokedexApp */ = {
			isa = PBXNativeTarget;
			buildConfigurationList = 550C23C22C76006A00FF9BDF /* Build configuration list for PBXNativeTarget "PokedexApp" */;
			buildPhases = (
				550C23AE2C76006900FF9BDF /* Sources */,
				550C23AF2C76006900FF9BDF /* Frameworks */,
				550C23B02C76006900FF9BDF /* Resources */,
			);
			buildRules = (
			);
			dependencies = (
			);
			name = PokedexApp;
			productName = PokedexApp;
			productReference = 550C23B22C76006900FF9BDF /* PokedexApp.app */;
			productType = "com.apple.product-type.application";
		};
/* End PBXNativeTarget section */

/* Begin PBXProject section */
		550C23AA2C76006900FF9BDF /* Project object */ = {
			isa = PBXProject;
			attributes = {
				BuildIndependentTargetsInParallel = 1;
				LastSwiftUpdateCheck = 1600;
				LastUpgradeCheck = 1600;
				TargetAttributes = {
					550C23B12C76006900FF9BDF = {
						CreatedOnToolsVersion = 16.0;
					};
				};
			};
			buildConfigurationList = 550C23AD2C76006900FF9BDF /* Build configuration list for PBXProject "PokedexApp" */;
			compatibilityVersion = "Xcode 15.0";
			developmentRegion = en;
			hasScannedForEncodings = 0;
			knownRegions = (
				en,
				Base,
			);
			mainGroup = 550C23A92C76006900FF9BDF;
			productRefGroup = 550C23B32C76006900FF9BDF /* Products */;
			projectDirPath = "";
			projectRoot = "";
			targets = (
				550C23B12C76006900FF9BDF /* PokedexApp */,
			);
		};
/* End PBXProject section */

/* Begin PBXResourcesBuildPhase section */
		550C23B02C76006900FF9BDF /* Resources */ = {
			isa = PBXResourcesBuildPhase;
			buildActionMask = 2147483647;
			files = (
				550C23BF2C76006A00FF9BDF /* Preview Assets.xcassets in Resources */,
				550C23C72C7601BE00FF9BDF /* pokemon.json in Resources */,
				550C23BC2C76006A00FF9BDF /* Assets.xcassets in Resources */,
			);
			runOnlyForDeploymentPostprocessing = 0;
		};
/* End PBXResourcesBuildPhase section */

/* Begin PBXSourcesBuildPhase section */
		550C23AE2C76006900FF9BDF /* Sources */ = {
			isa = PBXSourcesBuildPhase;
			buildActionMask = 2147483647;
			files = (
				550C23B82C76006900FF9BDF /* ContentView.swift in Sources */,
				550C23D92C7605FF00FF9BDF /* PokemonDetailView.swift in Sources */,
				550C23D22C76033100FF9BDF /* PokemonManager.swift in Sources */,
				550C23DB2C76066500FF9BDF /* PokeDexView.swift in Sources */,
				550C23EF2C77C93000FF9BDF /* PokemonDetailsDetailsView.swift in Sources */,
				550C23F92C78D9BE00FF9BDF /* PokemonDetailViewModel.swift in Sources */,
				550C23F72C78D59C00FF9BDF /* FavoritedPokemonViewModel.swift in Sources */,
				550C23EB2C77C8DA00FF9BDF /* PokemonDetailsTypesSectionView.swift in Sources */,
				550C23ED2C77C8F600FF9BDF /* PokemonDetailsInfoSectionView.swift in Sources */,
				550C23D52C76036B00FF9BDF /* PokemonViewModel.swift in Sources */,
				550C23E42C7629DC00FF9BDF /* RandomPokemonView.swift in Sources */,
				550C23E92C77C84100FF9BDF /* PokemonDetailHeaderView.swift in Sources */,
				550C23DD2C7616DB00FF9BDF /* FavoritedPokemonView.swift in Sources */,
				550C23F42C78CFEC00FF9BDF /* FavoritePokemonStore.swift in Sources */,
				550C23B62C76006900FF9BDF /* PokedexApp.swift in Sources */,
				550C23F12C77CA4600FF9BDF /* PokemonDetailItemView.swift in Sources */,
				550C23CF2C7602B600FF9BDF /* Pokemon.swift in Sources */,
				550C23CC2C76024500FF9BDF /* Extensions.swift in Sources */,
			);
			runOnlyForDeploymentPostprocessing = 0;
		};
/* End PBXSourcesBuildPhase section */

/* Begin XCBuildConfiguration section */
		550C23C02C76006A00FF9BDF /* Debug */ = {
			isa = XCBuildConfiguration;
			buildSettings = {
				ALWAYS_SEARCH_USER_PATHS = NO;
				ASSETCATALOG_COMPILER_GENERATE_SWIFT_ASSET_SYMBOL_EXTENSIONS = YES;
				CLANG_ANALYZER_NONNULL = YES;
				CLANG_ANALYZER_NUMBER_OBJECT_CONVERSION = YES_AGGRESSIVE;
				CLANG_CXX_LANGUAGE_STANDARD = "gnu++20";
				CLANG_ENABLE_MODULES = YES;
				CLANG_ENABLE_OBJC_ARC = YES;
				CLANG_ENABLE_OBJC_WEAK = YES;
				CLANG_WARN_BLOCK_CAPTURE_AUTORELEASING = YES;
				CLANG_WARN_BOOL_CONVERSION = YES;
				CLANG_WARN_COMMA = YES;
				CLANG_WARN_CONSTANT_CONVERSION = YES;
				CLANG_WARN_DEPRECATED_OBJC_IMPLEMENTATIONS = YES;
				CLANG_WARN_DIRECT_OBJC_ISA_USAGE = YES_ERROR;
				CLANG_WARN_DOCUMENTATION_COMMENTS = YES;
				CLANG_WARN_EMPTY_BODY = YES;
				CLANG_WARN_ENUM_CONVERSION = YES;
				CLANG_WARN_INFINITE_RECURSION = YES;
				CLANG_WARN_INT_CONVERSION = YES;
				CLANG_WARN_NON_LITERAL_NULL_CONVERSION = YES;
				CLANG_WARN_OBJC_IMPLICIT_RETAIN_SELF = YES;
				CLANG_WARN_OBJC_LITERAL_CONVERSION = YES;
				CLANG_WARN_OBJC_ROOT_CLASS = YES_ERROR;
				CLANG_WARN_QUOTED_INCLUDE_IN_FRAMEWORK_HEADER = YES;
				CLANG_WARN_RANGE_LOOP_ANALYSIS = YES;
				CLANG_WARN_STRICT_PROTOTYPES = YES;
				CLANG_WARN_SUSPICIOUS_MOVE = YES;
				CLANG_WARN_UNGUARDED_AVAILABILITY = YES_AGGRESSIVE;
				CLANG_WARN_UNREACHABLE_CODE = YES;
				CLANG_WARN__DUPLICATE_METHOD_MATCH = YES;
				COPY_PHASE_STRIP = NO;
				DEBUG_INFORMATION_FORMAT = dwarf;
				ENABLE_STRICT_OBJC_MSGSEND = YES;
				ENABLE_TESTABILITY = YES;
				ENABLE_USER_SCRIPT_SANDBOXING = YES;
				GCC_C_LANGUAGE_STANDARD = gnu17;
				GCC_DYNAMIC_NO_PIC = NO;
				GCC_NO_COMMON_BLOCKS = YES;
				GCC_OPTIMIZATION_LEVEL = 0;
				GCC_PREPROCESSOR_DEFINITIONS = (
					"DEBUG=1",
					"$(inherited)",
				);
				GCC_WARN_64_TO_32_BIT_CONVERSION = YES;
				GCC_WARN_ABOUT_RETURN_TYPE = YES_ERROR;
				GCC_WARN_UNDECLARED_SELECTOR = YES;
				GCC_WARN_UNINITIALIZED_AUTOS = YES_AGGRESSIVE;
				GCC_WARN_UNUSED_FUNCTION = YES;
				GCC_WARN_UNUSED_VARIABLE = YES;
				IPHONEOS_DEPLOYMENT_TARGET = 18.0;
				LOCALIZATION_PREFERS_STRING_CATALOGS = YES;
				MTL_ENABLE_DEBUG_INFO = INCLUDE_SOURCE;
				MTL_FAST_MATH = YES;
				ONLY_ACTIVE_ARCH = YES;
				SDKROOT = iphoneos;
				SWIFT_ACTIVE_COMPILATION_CONDITIONS = "DEBUG $(inherited)";
				SWIFT_OPTIMIZATION_LEVEL = "-Onone";
			};
			name = Debug;
		};
		550C23C12C76006A00FF9BDF /* Release */ = {
			isa = XCBuildConfiguration;
			buildSettings = {
				ALWAYS_SEARCH_USER_PATHS = NO;
				ASSETCATALOG_COMPILER_GENERATE_SWIFT_ASSET_SYMBOL_EXTENSIONS = YES;
				CLANG_ANALYZER_NONNULL = YES;
				CLANG_ANALYZER_NUMBER_OBJECT_CONVERSION = YES_AGGRESSIVE;
				CLANG_CXX_LANGUAGE_STANDARD = "gnu++20";
				CLANG_ENABLE_MODULES = YES;
				CLANG_ENABLE_OBJC_ARC = YES;
				CLANG_ENABLE_OBJC_WEAK = YES;
				CLANG_WARN_BLOCK_CAPTURE_AUTORELEASING = YES;
				CLANG_WARN_BOOL_CONVERSION = YES;
				CLANG_WARN_COMMA = YES;
				CLANG_WARN_CONSTANT_CONVERSION = YES;
				CLANG_WARN_DEPRECATED_OBJC_IMPLEMENTATIONS = YES;
				CLANG_WARN_DIRECT_OBJC_ISA_USAGE = YES_ERROR;
				CLANG_WARN_DOCUMENTATION_COMMENTS = YES;
				CLANG_WARN_EMPTY_BODY = YES;
				CLANG_WARN_ENUM_CONVERSION = YES;
				CLANG_WARN_INFINITE_RECURSION = YES;
				CLANG_WARN_INT_CONVERSION = YES;
				CLANG_WARN_NON_LITERAL_NULL_CONVERSION = YES;
				CLANG_WARN_OBJC_IMPLICIT_RETAIN_SELF = YES;
				CLANG_WARN_OBJC_LITERAL_CONVERSION = YES;
				CLANG_WARN_OBJC_ROOT_CLASS = YES_ERROR;
				CLANG_WARN_QUOTED_INCLUDE_IN_FRAMEWORK_HEADER = YES;
				CLANG_WARN_RANGE_LOOP_ANALYSIS = YES;
				CLANG_WARN_STRICT_PROTOTYPES = YES;
				CLANG_WARN_SUSPICIOUS_MOVE = YES;
				CLANG_WARN_UNGUARDED_AVAILABILITY = YES_AGGRESSIVE;
				CLANG_WARN_UNREACHABLE_CODE = YES;
				CLANG_WARN__DUPLICATE_METHOD_MATCH = YES;
				COPY_PHASE_STRIP = NO;
				DEBUG_INFORMATION_FORMAT = "dwarf-with-dsym";
				ENABLE_NS_ASSERTIONS = NO;
				ENABLE_STRICT_OBJC_MSGSEND = YES;
				ENABLE_USER_SCRIPT_SANDBOXING = YES;
				GCC_C_LANGUAGE_STANDARD = gnu17;
				GCC_NO_COMMON_BLOCKS = YES;
				GCC_WARN_64_TO_32_BIT_CONVERSION = YES;
				GCC_WARN_ABOUT_RETURN_TYPE = YES_ERROR;
				GCC_WARN_UNDECLARED_SELECTOR = YES;
				GCC_WARN_UNINITIALIZED_AUTOS = YES_AGGRESSIVE;
				GCC_WARN_UNUSED_FUNCTION = YES;
				GCC_WARN_UNUSED_VARIABLE = YES;
				IPHONEOS_DEPLOYMENT_TARGET = 18.0;
				LOCALIZATION_PREFERS_STRING_CATALOGS = YES;
				MTL_ENABLE_DEBUG_INFO = NO;
				MTL_FAST_MATH = YES;
				SDKROOT = iphoneos;
				SWIFT_COMPILATION_MODE = wholemodule;
				VALIDATE_PRODUCT = YES;
			};
			name = Release;
		};
		550C23C32C76006A00FF9BDF /* Debug */ = {
			isa = XCBuildConfiguration;
			buildSettings = {
				ASSETCATALOG_COMPILER_APPICON_NAME = AppIcon;
				ASSETCATALOG_COMPILER_GLOBAL_ACCENT_COLOR_NAME = AccentColor;
				CODE_SIGN_STYLE = Automatic;
				CURRENT_PROJECT_VERSION = 1;
				DEVELOPMENT_ASSET_PATHS = "\"PokedexApp/Preview Content\"";
				DEVELOPMENT_TEAM = EVFHT238S3;
				ENABLE_PREVIEWS = YES;
				GENERATE_INFOPLIST_FILE = YES;
				INFOPLIST_KEY_UIApplicationSceneManifest_Generation = YES;
				INFOPLIST_KEY_UIApplicationSupportsIndirectInputEvents = YES;
				INFOPLIST_KEY_UILaunchScreen_Generation = YES;
				INFOPLIST_KEY_UISupportedInterfaceOrientations_iPad = "UIInterfaceOrientationPortrait UIInterfaceOrientationPortraitUpsideDown UIInterfaceOrientationLandscapeLeft UIInterfaceOrientationLandscapeRight";
				INFOPLIST_KEY_UISupportedInterfaceOrientations_iPhone = "UIInterfaceOrientationPortrait UIInterfaceOrientationLandscapeLeft UIInterfaceOrientationLandscapeRight";
				LD_RUNPATH_SEARCH_PATHS = (
					"$(inherited)",
					"@executable_path/Frameworks",
				);
				MARKETING_VERSION = 1.0;
				PRODUCT_BUNDLE_IDENTIFIER = no.hkonkorsnes.PokedexApp;
				PRODUCT_NAME = "$(TARGET_NAME)";
				SWIFT_EMIT_LOC_STRINGS = YES;
				SWIFT_VERSION = 5.0;
				TARGETED_DEVICE_FAMILY = "1,2";
			};
			name = Debug;
		};
		550C23C42C76006A00FF9BDF /* Release */ = {
			isa = XCBuildConfiguration;
			buildSettings = {
				ASSETCATALOG_COMPILER_APPICON_NAME = AppIcon;
				ASSETCATALOG_COMPILER_GLOBAL_ACCENT_COLOR_NAME = AccentColor;
				CODE_SIGN_STYLE = Automatic;
				CURRENT_PROJECT_VERSION = 1;
				DEVELOPMENT_ASSET_PATHS = "\"PokedexApp/Preview Content\"";
				DEVELOPMENT_TEAM = EVFHT238S3;
				ENABLE_PREVIEWS = YES;
				GENERATE_INFOPLIST_FILE = YES;
				INFOPLIST_KEY_UIApplicationSceneManifest_Generation = YES;
				INFOPLIST_KEY_UIApplicationSupportsIndirectInputEvents = YES;
				INFOPLIST_KEY_UILaunchScreen_Generation = YES;
				INFOPLIST_KEY_UISupportedInterfaceOrientations_iPad = "UIInterfaceOrientationPortrait UIInterfaceOrientationPortraitUpsideDown UIInterfaceOrientationLandscapeLeft UIInterfaceOrientationLandscapeRight";
				INFOPLIST_KEY_UISupportedInterfaceOrientations_iPhone = "UIInterfaceOrientationPortrait UIInterfaceOrientationLandscapeLeft UIInterfaceOrientationLandscapeRight";
				LD_RUNPATH_SEARCH_PATHS = (
					"$(inherited)",
					"@executable_path/Frameworks",
				);
				MARKETING_VERSION = 1.0;
				PRODUCT_BUNDLE_IDENTIFIER = no.hkonkorsnes.PokedexApp;
				PRODUCT_NAME = "$(TARGET_NAME)";
				SWIFT_EMIT_LOC_STRINGS = YES;
				SWIFT_VERSION = 5.0;
				TARGETED_DEVICE_FAMILY = "1,2";
			};
			name = Release;
		};
/* End XCBuildConfiguration section */

/* Begin XCConfigurationList section */
		550C23AD2C76006900FF9BDF /* Build configuration list for PBXProject "PokedexApp" */ = {
			isa = XCConfigurationList;
			buildConfigurations = (
				550C23C02C76006A00FF9BDF /* Debug */,
				550C23C12C76006A00FF9BDF /* Release */,
			);
			defaultConfigurationIsVisible = 0;
			defaultConfigurationName = Release;
		};
		550C23C22C76006A00FF9BDF /* Build configuration list for PBXNativeTarget "PokedexApp" */ = {
			isa = XCConfigurationList;
			buildConfigurations = (
				550C23C32C76006A00FF9BDF /* Debug */,
				550C23C42C76006A00FF9BDF /* Release */,
			);
			defaultConfigurationIsVisible = 0;
			defaultConfigurationName = Release;
		};
/* End XCConfigurationList section */
	};
	rootObject = 550C23AA2C76006900FF9BDF /* Project object */;
}
